
Microsoft Visual Studio Solution File, Format Version 12.00
# Visual Studio Version 17
VisualStudioVersion = 17.0.32126.317
MinimumVisualStudioVersion = 10.0.40219.1
Project("{FAE04EC0-301F-11D3-BF4B-00C04F79EFBC}") = "tareaBase", "tareaBase.csproj", "{A697BD8A-2B7A-465C-8256-06FC1259F39D}"
EndProject
Global
	GlobalSection(SolutionConfigurationPlatforms) = preSolution
		Debug|Any CPU = Debug|Any CPU
		Release|Any CPU = Release|Any CPU
	EndGlobalSection
	GlobalSection(ProjectConfigurationPlatforms) = postSolution
		{A697BD8A-2B7A-465C-8256-06FC1259F39D}.Debug|Any CPU.ActiveCfg = Debug|Any CPU
		{A697BD8A-2B7A-465C-8256-06FC1259F39D}.Debug|Any CPU.Build.0 = Debug|Any CPU
		{A697BD8A-2B7A-465C-8256-06FC1259F39D}.Release|Any CPU.ActiveCfg = Release|Any CPU
		{A697BD8A-2B7A-465C-8256-06FC1259F39D}.Release|Any CPU.Build.0 = Release|Any CPU
	EndGlobalSection
	GlobalSection(SolutionProperties) = preSolution
		HideSolutionNode = FALSE
	EndGlobalSection
	GlobalSection(ExtensibilityGlobals) = postSolution
		SolutionGuid = {0D3D39B5-A08B-44A2-A204-6822EB80D00A}
	EndGlobalSection
EndGlobal
